PODS:
  - Flutter (1.0.0)
  - flutter_youtube (0.0.1):
    - Flutter
    - XCDYouTubeKit
  - url_launcher (0.0.1):
    - Flutter
  - XCDYouTubeKit (2.7.3)

DEPENDENCIES:
  - Flutter (from `.symlinks/flutter/ios`)
  - flutter_youtube (from `.symlinks/plugins/flutter_youtube/ios`)
  - url_launcher (from `.symlinks/plugins/url_launcher/ios`)

SPEC REPOS:
  https://github.com/cocoapods/specs.git:
    - XCDYouTubeKit

EXTERNAL SOURCES:
  Flutter:
    :path: ".symlinks/flutter/ios"
  flutter_youtube:
    :path: ".symlinks/plugins/flutter_youtube/ios"
  url_launcher:
    :path: ".symlinks/plugins/url_launcher/ios"

SPEC CHECKSUMS:
  Flutter: 0e3d915762c693b495b44d77113d4970485de6ec
  flutter_youtube: 142f8d5af0a11963bdc73e13bcae6eb78db746c2
  url_launcher: 0067ddb8f10d36786672aa0722a21717dba3a298
  XCDYouTubeKit: 3f4fd3eb3ed494a46a8f007b91315eed6dd6df1f

PODFILE CHECKSUM: 10ae9c18d12c9ffc2275c9a159a3b1e281990db0

COCOAPODS: 1.6.0
